// !$*UTF8*$!
{
	archiveVersion = 1;
	classes = {
	};
	objectVersion = 46;
	objects = {

/* Begin PBXBuildFile section */
		755956431F1788E8002C11D0 /* main.m in Sources */ = {isa = PBXBuildFile; fileRef = 755956421F1788E8002C11D0 /* main.m */; };
		755956461F1788E8002C11D0 /* AppDelegate.m in Sources */ = {isa = PBXBuildFile; fileRef = 755956451F1788E8002C11D0 /* AppDelegate.m */; };
		755956491F1788E8002C11D0 /* MasterViewController.m in Sources */ = {isa = PBXBuildFile; fileRef = 755956481F1788E8002C11D0 /* MasterViewController.m */; };
		7559564C1F1788E8002C11D0 /* DetailViewController.m in Sources */ = {isa = PBXBuildFile; fileRef = 7559564B1F1788E8002C11D0 /* DetailViewController.m */; };
		7559564F1F1788E8002C11D0 /* Main.storyboard in Resources */ = {isa = PBXBuildFile; fileRef = 7559564D1F1788E8002C11D0 /* Main.storyboard */; };
		755956511F1788E9002C11D0 /* Assets.xcassets in Resources */ = {isa = PBXBuildFile; fileRef = 755956501F1788E9002C11D0 /* Assets.xcassets */; };
		755956541F1788E9002C11D0 /* LaunchScreen.storyboard in Resources */ = {isa = PBXBuildFile; fileRef = 755956521F1788E9002C11D0 /* LaunchScreen.storyboard */; };
/* End PBXBuildFile section */

/* Begin PBXFileReference section */
		7559563E1F1788E7002C11D0 /* MASTERDETAILS.app */ = {isa = PBXFileReference; explicitFileType = wrapper.application; includeInIndex = 0; path = MASTERDETAILS.app; sourceTree = BUILT_PRODUCTS_DIR; };
		755956421F1788E8002C11D0 /* main.m */ = {isa = PBXFileReference; lastKnownFileType = sourcecode.c.objc; path = main.m; sourceTree = "<group>"; };
		755956441F1788E8002C11D0 /* AppDelegate.h */ = {isa = PBXFileReference; lastKnownFileType = sourcecode.c.h; path = AppDelegate.h; sourceTree = "<group>"; };
		755956451F1788E8002C11D0 /* AppDelegate.m */ = {isa = PBXFileReference; lastKnownFileType = sourcecode.c.objc; path = AppDelegate.m; sourceTree = "<group>"; };
		755956471F1788E8002C11D0 /* MasterViewController.h */ = {isa = PBXFileReference; lastKnownFileType = sourcecode.c.h; path = MasterViewController.h; sourceTree = "<group>"; };
		755956481F1788E8002C11D0 /* MasterViewController.m */ = {isa = PBXFileReference; lastKnownFileType = sourcecode.c.objc; path = MasterViewController.m; sourceTree = "<group>"; };
		7559564A1F1788E8002C11D0 /* DetailViewController.h */ = {isa = PBXFileReference; lastKnownFileType = sourcecode.c.h; path = DetailViewController.h; sourceTree = "<group>"; };
		7559564B1F1788E8002C11D0 /* DetailViewController.m */ = {isa = PBXFileReference; lastKnownFileType = sourcecode.c.objc; path = DetailViewController.m; sourceTree = "<group>"; };
		7559564E1F1788E8002C11D0 /* Base */ = {isa = PBXFileReference; lastKnownFileType = file.storyboard; name = Base; path = Base.lproj/Main.storyboard; sourceTree = "<group>"; };
		755956501F1788E9002C11D0 /* Assets.xcassets */ = {isa = PBXFileReference; lastKnownFileType = folder.assetcatalog; path = Assets.xcassets; sourceTree = "<group>"; };
		755956531F1788E9002C11D0 /* Base */ = {isa = PBXFileReference; lastKnownFileType = file.storyboard; name = Base; path = Base.lproj/LaunchScreen.storyboard; sourceTree = "<group>"; };
		755956551F1788E9002C11D0 /* Info.plist */ = {isa = PBXFileReference; lastKnownFileType = text.plist.xml; path = Info.plist; sourceTree = "<group>"; };
/* End PBXFileReference section */

/* Begin PBXFrameworksBuildPhase section */
		7559563B1F1788E7002C11D0 /* Frameworks */ = {
			isa = PBXFrameworksBuildPhase;
			buildActionMask = 2147483647;
			files = (
			);
			runOnlyForDeploymentPostprocessing = 0;
		};
/* End PBXFrameworksBuildPhase section */

/* Begin PBXGroup section */
		755956351F1788E6002C11D0 = {
			isa = PBXGroup;
			children = (
				755956401F1788E7002C11D0 /* MASTERDETAILS */,
				7559563F1F1788E7002C11D0 /* Products */,
			);
			sourceTree = "<group>";
		};
		7559563F1F1788E7002C11D0 /* Products */ = {
			isa = PBXGroup;
			children = (
				7559563E1F1788E7002C11D0 /* MASTERDETAILS.app */,
			);
			name = Products;
			sourceTree = "<group>";
		};
		755956401F1788E7002C11D0 /* MASTERDETAILS */ = {
			isa = PBXGroup;
			children = (
				755956441F1788E8002C11D0 /* AppDelegate.h */,
				755956451F1788E8002C11D0 /* AppDelegate.m */,
				755956471F1788E8002C11D0 /* MasterViewController.h */,
				755956481F1788E8002C11D0 /* MasterViewController.m */,
				7559564A1F1788E8002C11D0 /* DetailViewController.h */,
				7559564B1F1788E8002C11D0 /* DetailViewController.m */,
				7559564D1F1788E8002C11D0 /* Main.storyboard */,
				755956501F1788E9002C11D0 /* Assets.xcassets */,
				755956521F1788E9002C11D0 /* LaunchScreen.storyboard */,
				755956551F1788E9002C11D0 /* Info.plist */,
				755956411F1788E8002C11D0 /* Supporting Files */,
			);
			path = MASTERDETAILS;
			sourceTree = "<group>";
		};
		755956411F1788E8002C11D0 /* Supporting Files */ = {
			isa = PBXGroup;
			children = (
				755956421F1788E8002C11D0 /* main.m */,
			);
			name = "Supporting Files";
			sourceTree = "<group>";
		};
/* End PBXGroup section */

/* Begin PBXNativeTarget section */
		7559563D1F1788E7002C11D0 /* MASTERDETAILS */ = {
			isa = PBXNativeTarget;
			buildConfigurationList = 755956581F1788E9002C11D0 /* Build configuration list for PBXNativeTarget "MASTERDETAILS" */;
			buildPhases = (
				7559563A1F1788E7002C11D0 /* Sources */,
				7559563B1F1788E7002C11D0 /* Frameworks */,
				7559563C1F1788E7002C11D0 /* Resources */,
			);
			buildRules = (
			);
			dependencies = (
			);
			name = MASTERDETAILS;
			productName = MASTERDETAILS;
			productReference = 7559563E1F1788E7002C11D0 /* MASTERDETAILS.app */;
			productType = "com.apple.product-type.application";
		};
/* End PBXNativeTarget section */

/* Begin PBXProject section */
		755956361F1788E6002C11D0 /* Project object */ = {
			isa = PBXProject;
			attributes = {
				LastUpgradeCheck = 0830;
				ORGANIZATIONNAME = "Pyramid SoftSol";
				TargetAttributes = {
					7559563D1F1788E7002C11D0 = {
						CreatedOnToolsVersion = 8.3.2;
						DevelopmentTeam = 8RULK8Z9GW;
						ProvisioningStyle = Automatic;
					};
				};
			};
			buildConfigurationList = 755956391F1788E6002C11D0 /* Build configuration list for PBXProject "MASTERDETAILS" */;
			compatibilityVersion = "Xcode 3.2";
			developmentRegion = English;
			hasScannedForEncodings = 0;
			knownRegions = (
				en,
				Base,
			);
			mainGroup = 755956351F1788E6002C11D0;
			productRefGroup = 7559563F1F1788E7002C11D0 /* Products */;
			projectDirPath = "";
			projectRoot = "";
			targets = (
				7559563D1F1788E7002C11D0 /* MASTERDETAILS */,
			);
		};
/* End PBXProject section */

/* Begin PBXResourcesBuildPhase section */
		7559563C1F1788E7002C11D0 /* Resources */ = {
			isa = PBXResourcesBuildPhase;
			buildActionMask = 2147483647;
			files = (
				755956541F1788E9002C11D0 /* LaunchScreen.storyboard in Resources */,
				755956511F1788E9002C11D0 /* Assets.xcassets in Resources */,
				7559564F1F1788E8002C11D0 /* Main.storyboard in Resources */,
			);
			runOnlyForDeploymentPostprocessing = 0;
		};
/* End PBXResourcesBuildPhase section */

/* Begin PBXSourcesBuildPhase section */
		7559563A1F1788E7002C11D0 /* Sources */ = {
			isa = PBXSourcesBuildPhase;
			buildActionMask = 2147483647;
			files = (
				755956461F1788E8002C11D0 /* AppDelegate.m in Sources */,
				755956491F1788E8002C11D0 /* MasterViewController.m in Sources */,
				755956431F1788E8002C11D0 /* main.m in Sources */,
				7559564C1F1788E8002C11D0 /* DetailViewController.m in Sources */,
			);
			runOnlyForDeploymentPostprocessing = 0;
		};
/* End PBXSourcesBuildPhase section */

/* Begin PBXVariantGroup section */
		7559564D1F1788E8002C11D0 /* Main.storyboard */ = {
			isa = PBXVariantGroup;
			children = (
				7559564E1F1788E8002C11D0 /* Base */,
			);
			name = Main.storyboard;
			sourceTree = "<group>";
		};
		755956521F1788E9002C11D0 /* LaunchScreen.storyboard */ = {
			isa = PBXVariantGroup;
			children = (
				755956531F1788E9002C11D0 /* Base */,
			);
			name = LaunchScreen.storyboard;
			sourceTree = "<group>";
		};
/* End PBXVariantGroup section */

/* Begin XCBuildConfiguration section */
		755956561F1788E9002C11D0 /* Debug */ = {
			isa = XCBuildConfiguration;
			buildSettings = {
				ALWAYS_SEARCH_USER_PATHS = NO;
				CLANG_ANALYZER_NONNULL = YES;
				CLANG_ANALYZER_NUMBER_OBJECT_CONVERSION = YES_AGGRESSIVE;
				CLANG_CXX_LANGUAGE_STANDARD = "gnu++0x";
				CLANG_CXX_LIBRARY = "libc++";
				CLANG_ENABLE_MODULES = YES;
				CLANG_ENABLE_OBJC_ARC = YES;
				CLANG_WARN_BOOL_CONVERSION = YES;
				CLANG_WARN_CONSTANT_CONVERSION = YES;
				CLANG_WARN_DIRECT_OBJC_ISA_USAGE = YES_ERROR;
				CLANG_WARN_DOCUMENTATION_COMMENTS = YES;
				CLANG_WARN_EMPTY_BODY = YES;
				CLANG_WARN_ENUM_CONVERSION = YES;
				CLANG_WARN_INFINITE_RECURSION = YES;
				CLANG_WARN_INT_CONVERSION = YES;
				CLANG_WARN_OBJC_ROOT_CLASS = YES_ERROR;
				CLANG_WARN_SUSPICIOUS_MOVE = YES;
				CLANG_WARN_UNREACHABLE_CODE = YES;
				CLANG_WARN__DUPLICATE_METHOD_MATCH = YES;
				"CODE_SIGN_IDENTITY[sdk=iphoneos*]" = "iPhone Developer";
				COPY_PHASE_STRIP = NO;
				DEBUG_INFORMATION_FORMAT = dwarf;
				ENABLE_STRICT_OBJC_MSGSEND = YES;
				ENABLE_TESTABILITY = YES;
				GCC_C_LANGUAGE_STANDARD = gnu99;
				GCC_DYNAMIC_NO_PIC = NO;
				GCC_NO_COMMON_BLOCKS = YES;
				GCC_OPTIMIZATION_LEVEL = 0;
				GCC_PREPROCESSOR_DEFINITIONS = (
					"DEBUG=1",
					"$(inherited)",
				);
				GCC_WARN_64_TO_32_BIT_CONVERSION = YES;
				GCC_WARN_ABOUT_RETURN_TYPE = YES_ERROR;
				GCC_WARN_UNDECLARED_SELECTOR = YES;
				GCC_WARN_UNINITIALIZED_AUTOS = YES_AGGRESSIVE;
				GCC_WARN_UNUSED_FUNCTION = YES;
				GCC_WARN_UNUSED_VARIABLE = YES;
				IPHONEOS_DEPLOYMENT_TARGET = 10.3;
				MTL_ENABLE_DEBUG_INFO = YES;
				ONLY_ACTIVE_ARCH = YES;
				SDKROOT = iphoneos;
			};
			name = Debug;
		};
		755956571F1788E9002C11D0 /* Release */ = {
			isa = XCBuildConfiguration;
			buildSettings = {
				ALWAYS_SEARCH_USER_PATHS = NO;
				CLANG_ANALYZER_NONNULL = YES;
				CLANG_ANALYZER_NUMBER_OBJECT_CONVERSION = YES_AGGRESSIVE;
				CLANG_CXX_LANGUAGE_STANDARD = "gnu++0x";
				CLANG_CXX_LIBRARY = "libc++";
				CLANG_ENABLE_MODULES = YES;
				CLANG_ENABLE_OBJC_ARC = YES;
				CLANG_WARN_BOOL_CONVERSION = YES;
				CLANG_WARN_CONSTANT_CONVERSION = YES;
				CLANG_WARN_DIRECT_OBJC_ISA_USAGE = YES_ERROR;
				CLANG_WARN_DOCUMENTATION_COMMENTS = YES;
				CLANG_WARN_EMPTY_BODY = YES;
				CLANG_WARN_ENUM_CONVERSION = YES;
				CLANG_WARN_INFINITE_RECURSION = YES;
				CLANG_WARN_INT_CONVERSION = YES;
				CLANG_WARN_OBJC_ROOT_CLASS = YES_ERROR;
				CLANG_WARN_SUSPICIOUS_MOVE = YES;
				CLANG_WARN_UNREACHABLE_CODE = YES;
				CLANG_WARN__DUPLICATE_METHOD_MATCH = YES;
				"CODE_SIGN_IDENTITY[sdk=iphoneos*]" = "iPhone Developer";
				COPY_PHASE_STRIP = NO;
				DEBUG_INFORMATION_FORMAT = "dwarf-with-dsym";
				ENABLE_NS_ASSERTIONS = NO;
				ENABLE_STRICT_OBJC_MSGSEND = YES;
				GCC_C_LANGUAGE_STANDARD = gnu99;
				GCC_NO_COMMON_BLOCKS = YES;
				GCC_WARN_64_TO_32_BIT_CONVERSION = YES;
				GCC_WARN_ABOUT_RETURN_TYPE = YES_ERROR;
				GCC_WARN_UNDECLARED_SELECTOR = YES;
				GCC_WARN_UNINITIALIZED_AUTOS = YES_AGGRESSIVE;
				GCC_WARN_UNUSED_FUNCTION = YES;
				GCC_WARN_UNUSED_VARIABLE = YES;
				IPHONEOS_DEPLOYMENT_TARGET = 10.3;
				MTL_ENABLE_DEBUG_INFO = NO;
				SDKROOT = iphoneos;
				VALIDATE_PRODUCT = YES;
			};
			name = Release;
		};
		755956591F1788E9002C11D0 /* Debug */ = {
			isa = XCBuildConfiguration;
			buildSettings = {
				ASSETCATALOG_COMPILER_APPICON_NAME = AppIcon;
				DEVELOPMENT_TEAM = 8RULK8Z9GW;
				INFOPLIST_FILE = MASTERDETAILS/Info.plist;
				LD_RUNPATH_SEARCH_PATHS = "$(inherited) @executable_path/Frameworks";
				PRODUCT_BUNDLE_IDENTIFIER = com.pyramidinc.MASTERDETAILS;
				PRODUCT_NAME = "$(TARGET_NAME)";
			};
			name = Debug;
		};
		7559565A1F1788E9002C11D0 /* Release */ = {
			isa = XCBuildConfiguration;
			buildSettings = {
				ASSETCATALOG_COMPILER_APPICON_NAME = AppIcon;
				DEVELOPMENT_TEAM = 8RULK8Z9GW;
				INFOPLIST_FILE = MASTERDETAILS/Info.plist;
				LD_RUNPATH_SEARCH_PATHS = "$(inherited) @executable_path/Frameworks";
				PRODUCT_BUNDLE_IDENTIFIER = com.pyramidinc.MASTERDETAILS;
				PRODUCT_NAME = "$(TARGET_NAME)";
			};
			name = Release;
		};
/* End XCBuildConfiguration section */

/* Begin XCConfigurationList section */
		755956391F1788E6002C11D0 /* Build configuration list for PBXProject "MASTERDETAILS" */ = {
			isa = XCConfigurationList;
			buildConfigurations = (
				755956561F1788E9002C11D0 /* Debug */,
				755956571F1788E9002C11D0 /* Release */,
			);
			defaultConfigurationIsVisible = 0;
			defaultConfigurationName = Release;
		};
		755956581F1788E9002C11D0 /* Build configuration list for PBXNativeTarget "MASTERDETAILS" */ = {
			isa = XCConfigurationList;
			buildConfigurations = (
				755956591F1788E9002C11D0 /* Debug */,
				7559565A1F1788E9002C11D0 /* Release */,
			);
			defaultConfigurationIsVisible = 0;
		};
/* End XCConfigurationList section */
	};
	rootObject = 755956361F1788E6002C11D0 /* Project object */;
}
